Microsoft Visual Studio Solution File, Format Version 12.00
# Visual Studio Version 17
VisualStudioVersion = 17.5.2.0
MinimumVisualStudioVersion = 10.0.40219.1
Project("{FAE04EC0-301F-11D3-BF4B-00C04F79EFBC}") = "CustomerMembership", "CustomerMembership.csproj", "{96DC43C5-99E5-FD65-B90B-1CF1E7E9E345}"
EndProject
Global
	GlobalSection(SolutionConfigurationPlatforms) = preSolution
		Debug|Any CPU = Debug|Any CPU
		Release|Any CPU = Release|Any CPU
	EndGlobalSection
	GlobalSection(ProjectConfigurationPlatforms) = postSolution
		{96DC43C5-99E5-FD65-B90B-1CF1E7E9E345}.Debug|Any CPU.ActiveCfg = Debug|Any CPU
		{96DC43C5-99E5-FD65-B90B-1CF1E7E9E345}.Debug|Any CPU.Build.0 = Debug|Any CPU
		{96DC43C5-99E5-FD65-B90B-1CF1E7E9E345}.Release|Any CPU.ActiveCfg = Release|Any CPU
		{96DC43C5-99E5-FD65-B90B-1CF1E7E9E345}.Release|Any CPU.Build.0 = Release|Any CPU
	EndGlobalSection
	GlobalSection(SolutionProperties) = preSolution
		HideSolutionNode = FALSE
	EndGlobalSection
	GlobalSection(ExtensibilityGlobals) = postSolution
		SolutionGuid = {8336E54A-8FEB-48A5-A0BB-A26CB5D5E5C2}
	EndGlobalSection
EndGlobal
