Microsoft Visual Studio Solution File, Format Version 12.00
# Visual Studio Version 17
VisualStudioVersion = 17.5.2.0
MinimumVisualStudioVersion = 10.0.40219.1
Project("{FAE04EC0-301F-11D3-BF4B-00C04F79EFBC}") = "RockPaperScissorsB", "RockPaperScissorsB.csproj", "{889C1F01-6A65-0254-B8C2-6194E2592F34}"
EndProject
Global
	GlobalSection(SolutionConfigurationPlatforms) = preSolution
		Debug|Any CPU = Debug|Any CPU
		Release|Any CPU = Release|Any CPU
	EndGlobalSection
	GlobalSection(ProjectConfigurationPlatforms) = postSolution
		{889C1F01-6A65-0254-B8C2-6194E2592F34}.Debug|Any CPU.ActiveCfg = Debug|Any CPU
		{889C1F01-6A65-0254-B8C2-6194E2592F34}.Debug|Any CPU.Build.0 = Debug|Any CPU
		{889C1F01-6A65-0254-B8C2-6194E2592F34}.Release|Any CPU.ActiveCfg = Release|Any CPU
		{889C1F01-6A65-0254-B8C2-6194E2592F34}.Release|Any CPU.Build.0 = Release|Any CPU
	EndGlobalSection
	GlobalSection(SolutionProperties) = preSolution
		HideSolutionNode = FALSE
	EndGlobalSection
	GlobalSection(ExtensibilityGlobals) = postSolution
		SolutionGuid = {482E4D19-9D4A-4F4C-9C99-D6B68CAD8875}
	EndGlobalSection
EndGlobal
