Microsoft Visual Studio Solution File, Format Version 12.00
# Visual Studio Version 17
VisualStudioVersion = 17.5.2.0
MinimumVisualStudioVersion = 10.0.40219.1
Project("{FAE04EC0-301F-11D3-BF4B-00C04F79EFBC}") = "LambdaPractice", "LambdaPractice.csproj", "{C230D07B-AB06-4B6A-B014-753B50A2FCA1}"
EndProject
Global
	GlobalSection(SolutionConfigurationPlatforms) = preSolution
		Debug|Any CPU = Debug|Any CPU
		Release|Any CPU = Release|Any CPU
	EndGlobalSection
	GlobalSection(ProjectConfigurationPlatforms) = postSolution
		{C230D07B-AB06-4B6A-B014-753B50A2FCA1}.Debug|Any CPU.ActiveCfg = Debug|Any CPU
		{C230D07B-AB06-4B6A-B014-753B50A2FCA1}.Debug|Any CPU.Build.0 = Debug|Any CPU
		{C230D07B-AB06-4B6A-B014-753B50A2FCA1}.Release|Any CPU.ActiveCfg = Release|Any CPU
		{C230D07B-AB06-4B6A-B014-753B50A2FCA1}.Release|Any CPU.Build.0 = Release|Any CPU
	EndGlobalSection
	GlobalSection(SolutionProperties) = preSolution
		HideSolutionNode = FALSE
	EndGlobalSection
	GlobalSection(ExtensibilityGlobals) = postSolution
		SolutionGuid = {5EED25A6-037C-475A-8CE9-8445224E4D16}
	EndGlobalSection
EndGlobal
