Microsoft Visual Studio Solution File, Format Version 12.00
# Visual Studio Version 17
VisualStudioVersion = 17.5.2.0
MinimumVisualStudioVersion = 10.0.40219.1
Project("{FAE04EC0-301F-11D3-BF4B-00C04F79EFBC}") = "ActionFuncPlay", "ActionFuncPlay\ActionFuncPlay.csproj", "{8D4D6563-0355-2707-A089-BEC0EBA2322D}"
EndProject
Project("{FAE04EC0-301F-11D3-BF4B-00C04F79EFBC}") = "EFProgram", "EFProgram\EFProgram.csproj", "{22841BAA-19D6-7A88-6414-B3AD09973C68}"
EndProject
Project("{FAE04EC0-301F-11D3-BF4B-00C04F79EFBC}") = "LambdaPractice", "LambdaPractice\LambdaPractice.csproj", "{5AE55F06-9875-FD3E-DCAC-F7D8E3BB4532}"
EndProject
Project("{FAE04EC0-301F-11D3-BF4B-00C04F79EFBC}") = "LinqLambdaPlay", "LinqLambdaPlay\LinqLambdaPlay.csproj", "{D99C8B58-9EA0-1714-F0A9-2D6850E37768}"
EndProject
Project("{FAE04EC0-301F-11D3-BF4B-00C04F79EFBC}") = "MovieNightPlanner", "MovieNightPlanner\MovieNightPlanner.csproj", "{AAFC132A-CA02-4539-41C2-1196A9013FCC}"
EndProject
Global
	GlobalSection(SolutionConfigurationPlatforms) = preSolution
		Debug|Any CPU = Debug|Any CPU
		Release|Any CPU = Release|Any CPU
	EndGlobalSection
	GlobalSection(ProjectConfigurationPlatforms) = postSolution
		{8D4D6563-0355-2707-A089-BEC0EBA2322D}.Debug|Any CPU.ActiveCfg = Debug|Any CPU
		{8D4D6563-0355-2707-A089-BEC0EBA2322D}.Debug|Any CPU.Build.0 = Debug|Any CPU
		{8D4D6563-0355-2707-A089-BEC0EBA2322D}.Release|Any CPU.ActiveCfg = Release|Any CPU
		{8D4D6563-0355-2707-A089-BEC0EBA2322D}.Release|Any CPU.Build.0 = Release|Any CPU
		{22841BAA-19D6-7A88-6414-B3AD09973C68}.Debug|Any CPU.ActiveCfg = Debug|Any CPU
		{22841BAA-19D6-7A88-6414-B3AD09973C68}.Debug|Any CPU.Build.0 = Debug|Any CPU
		{22841BAA-19D6-7A88-6414-B3AD09973C68}.Release|Any CPU.ActiveCfg = Release|Any CPU
		{22841BAA-19D6-7A88-6414-B3AD09973C68}.Release|Any CPU.Build.0 = Release|Any CPU
		{5AE55F06-9875-FD3E-DCAC-F7D8E3BB4532}.Debug|Any CPU.ActiveCfg = Debug|Any CPU
		{5AE55F06-9875-FD3E-DCAC-F7D8E3BB4532}.Debug|Any CPU.Build.0 = Debug|Any CPU
		{5AE55F06-9875-FD3E-DCAC-F7D8E3BB4532}.Release|Any CPU.ActiveCfg = Release|Any CPU
		{5AE55F06-9875-FD3E-DCAC-F7D8E3BB4532}.Release|Any CPU.Build.0 = Release|Any CPU
		{D99C8B58-9EA0-1714-F0A9-2D6850E37768}.Debug|Any CPU.ActiveCfg = Debug|Any CPU
		{D99C8B58-9EA0-1714-F0A9-2D6850E37768}.Debug|Any CPU.Build.0 = Debug|Any CPU
		{D99C8B58-9EA0-1714-F0A9-2D6850E37768}.Release|Any CPU.ActiveCfg = Release|Any CPU
		{D99C8B58-9EA0-1714-F0A9-2D6850E37768}.Release|Any CPU.Build.0 = Release|Any CPU
		{AAFC132A-CA02-4539-41C2-1196A9013FCC}.Debug|Any CPU.ActiveCfg = Debug|Any CPU
		{AAFC132A-CA02-4539-41C2-1196A9013FCC}.Debug|Any CPU.Build.0 = Debug|Any CPU
		{AAFC132A-CA02-4539-41C2-1196A9013FCC}.Release|Any CPU.ActiveCfg = Release|Any CPU
		{AAFC132A-CA02-4539-41C2-1196A9013FCC}.Release|Any CPU.Build.0 = Release|Any CPU
	EndGlobalSection
	GlobalSection(SolutionProperties) = preSolution
		HideSolutionNode = FALSE
	EndGlobalSection
	GlobalSection(ExtensibilityGlobals) = postSolution
		SolutionGuid = {DDC7B19A-CBEB-46BC-98C4-F61931CAD770}
	EndGlobalSection
EndGlobal
