Microsoft Visual Studio Solution File, Format Version 12.00
# Visual Studio Version 17
VisualStudioVersion = 17.5.2.0
MinimumVisualStudioVersion = 10.0.40219.1
Project("{FAE04EC0-301F-11D3-BF4B-00C04F79EFBC}") = "TipCalculator", "TipCalculator.csproj", "{C0FF4E79-A9FA-433D-5072-8A13E478ADF6}"
EndProject
Global
	GlobalSection(SolutionConfigurationPlatforms) = preSolution
		Debug|Any CPU = Debug|Any CPU
		Release|Any CPU = Release|Any CPU
	EndGlobalSection
	GlobalSection(ProjectConfigurationPlatforms) = postSolution
		{C0FF4E79-A9FA-433D-5072-8A13E478ADF6}.Debug|Any CPU.ActiveCfg = Debug|Any CPU
		{C0FF4E79-A9FA-433D-5072-8A13E478ADF6}.Debug|Any CPU.Build.0 = Debug|Any CPU
		{C0FF4E79-A9FA-433D-5072-8A13E478ADF6}.Release|Any CPU.ActiveCfg = Release|Any CPU
		{C0FF4E79-A9FA-433D-5072-8A13E478ADF6}.Release|Any CPU.Build.0 = Release|Any CPU
	EndGlobalSection
	GlobalSection(SolutionProperties) = preSolution
		HideSolutionNode = FALSE
	EndGlobalSection
	GlobalSection(ExtensibilityGlobals) = postSolution
		SolutionGuid = {53CAD5A8-151D-4593-9DF8-178EB4FDBBE6}
	EndGlobalSection
EndGlobal
